<?xml version="1.0" encoding="utf-8"?>
<Project ToolsVersion="4.0" xmlns="http://schemas.microsoft.com/developer/msbuild/2003">
  <ItemGroup>
    <ClCompile Include="main.cpp">
      <Filter>SourceFile</Filter>
    </ClCompile>
    <ClCompile Include="..\DesktopScreener\webParcer.cpp">
      <Filter>SourceFile</Filter>
    </ClCompile>
  </ItemGroup>
  <ItemGroup>
    <ClInclude Include="first_test.hpp">
      <Filter>HeaderFile</Filter>
    </ClInclude>
    <ClInclude Include="webParcer_test.hpp">
      <Filter>HeaderFile</Filter>
    </ClInclude>
    <ClInclude Include="..\DesktopScreener\webParcer.hpp">
      <Filter>HeaderFile</Filter>
    </ClInclude>
  </ItemGroup>
  <ItemGroup>
    <None Include="packages.config" />
  </ItemGroup>
  <ItemGroup>
    <Filter Include="SourceFile">
      <UniqueIdentifier>{5a11fc55-1211-4b3d-b389-b6b1b96eaa76}</UniqueIdentifier>
    </Filter>
    <Filter Include="HeaderFile">
      <UniqueIdentifier>{07fd0340-a602-4b30-9b6b-44325dd9c938}</UniqueIdentifier>
    </Filter>
  </ItemGroup>
</Project>